
Microsoft Visual Studio Solution File, Format Version 12.00
# Visual Studio Version 16
VisualStudioVersion = 16.0.30907.101
MinimumVisualStudioVersion = 10.0.40219.1
Project("{FAE04EC0-301F-11D3-BF4B-00C04F79EFBC}") = "ConsoleJenkins1", "ConsoleJenkins1\ConsoleJenkins1.csproj", "{E9825D21-A2A6-4D83-9CA7-C842984641F9}"
EndProject
Project("{FAE04EC0-301F-11D3-BF4B-00C04F79EFBC}") = "UnitTestProject1", "UnitTestProject1\UnitTestProject1.csproj", "{86FD591B-C8DC-4C23-A10B-6072BC416ED4}"
EndProject
Global
	GlobalSection(SolutionConfigurationPlatforms) = preSolution
		Debug|Any CPU = Debug|Any CPU
		Release|Any CPU = Release|Any CPU
	EndGlobalSection
	GlobalSection(ProjectConfigurationPlatforms) = postSolution
		{E9825D21-A2A6-4D83-9CA7-C842984641F9}.Debug|Any CPU.ActiveCfg = Debug|Any CPU
		{E9825D21-A2A6-4D83-9CA7-C842984641F9}.Debug|Any CPU.Build.0 = Debug|Any CPU
		{E9825D21-A2A6-4D83-9CA7-C842984641F9}.Release|Any CPU.ActiveCfg = Release|Any CPU
		{E9825D21-A2A6-4D83-9CA7-C842984641F9}.Release|Any CPU.Build.0 = Release|Any CPU
		{86FD591B-C8DC-4C23-A10B-6072BC416ED4}.Debug|Any CPU.ActiveCfg = Debug|Any CPU
		{86FD591B-C8DC-4C23-A10B-6072BC416ED4}.Debug|Any CPU.Build.0 = Debug|Any CPU
		{86FD591B-C8DC-4C23-A10B-6072BC416ED4}.Release|Any CPU.ActiveCfg = Release|Any CPU
		{86FD591B-C8DC-4C23-A10B-6072BC416ED4}.Release|Any CPU.Build.0 = Release|Any CPU
	EndGlobalSection
	GlobalSection(SolutionProperties) = preSolution
		HideSolutionNode = FALSE
	EndGlobalSection
	GlobalSection(ExtensibilityGlobals) = postSolution
		SolutionGuid = {31A0B330-1032-406E-962E-E54CB5C0DAE0}
	EndGlobalSection
EndGlobal
